
Microsoft Visual Studio Solution File, Format Version 12.00
# Visual Studio Version 16
VisualStudioVersion = 16.0.30717.126
MinimumVisualStudioVersion = 10.0.40219.1
Project("{9A19103F-16F7-4668-BE54-9A1E7A4F7556}") = "HiScoreTracker", "HiScoreTracker.csproj", "{20615B49-C915-4B37-8925-83A5460918CA}"
EndProject
Global
	GlobalSection(SolutionConfigurationPlatforms) = preSolution
		Debug|Any CPU = Debug|Any CPU
		Release|Any CPU = Release|Any CPU
	EndGlobalSection
	GlobalSection(ProjectConfigurationPlatforms) = postSolution
		{20615B49-C915-4B37-8925-83A5460918CA}.Debug|Any CPU.ActiveCfg = Debug|Any CPU
		{20615B49-C915-4B37-8925-83A5460918CA}.Debug|Any CPU.Build.0 = Debug|Any CPU
		{20615B49-C915-4B37-8925-83A5460918CA}.Release|Any CPU.ActiveCfg = Release|Any CPU
		{20615B49-C915-4B37-8925-83A5460918CA}.Release|Any CPU.Build.0 = Release|Any CPU
	EndGlobalSection
	GlobalSection(SolutionProperties) = preSolution
		HideSolutionNode = FALSE
	EndGlobalSection
	GlobalSection(ExtensibilityGlobals) = postSolution
		SolutionGuid = {0BD5EC83-035E-48CF-9E5A-2CD6E0FD5808}
	EndGlobalSection
EndGlobal
